github.com/deeean/go-vector v1.2.0 h1:PwiKgLskrp1TiWlZhu/Uu4Q6KyOZ5PwDd37rbwAnGo8=
github.com/deeean/go-vector v1.2.0/go.mod h1:TpTQQ0Gpb7CPtPPTfh7+l7vgMLrY8L/S92v+8aXk5c8=
github.com/faiface/gui v0.0.0-20190522095505-ed00d80d15da h1:boFffA5Rv6WgwUWwWlHyk7qHfw1OkhZJJC91cCY4oBc=
github.com/faiface/gui v0.0.0-20190522095505-ed00d80d15da/go.mod h1:FwTW4XT4ioo6pOkdNqVBycvSbZ881cVXVDLF8AA66uQ=
github.com/faiface/mainthread v0.0.0-20171120011319-8b78f0a41ae3 h1:baVdMKlASEHrj19iqjARrPbaRisD7EuZEVJj6ZMLl1Q=
github.com/faiface/mainthread v0.0.0-20171120011319-8b78f0a41ae3/go.mod h1:VEPNJUlxl5KdWjDvz6Q1l+rJlxF2i6xqDeGuGAxa87M=
github.com/go-gl/gl v0.0.0-20231021071112-07e5d0ea2e71 h1:5BVwOaUSBTlVZowGO6VZGw2H/zl9nrd3eCZfYV+NfQA=
github.com/go-gl/gl v0.0.0-20231021071112-07e5d0ea2e71/go.mod h1:9YTyiznxEY1fVinfM7RvRcjRHbw2xLBJ3AAGIT0I4Nw=
github.com/go-gl/glfw v0.0.0-20240506104042-037f3cc74f2a h1:FAC6eA052T8d4Lp5GR38Sxta8fnq//jjBGDtsT0TVAU=
github.com/go-gl/glfw v0.0.0-20240506104042-037f3cc74f2a/go.mod h1:wyvWpaEu9B/VQiV1jsPs7Mha9I7yto/HqIBw197ZAzk=
github.com/go-gl/glfw/v3.3/glfw v0.0.0-20240506104042-037f3cc74f2a h1:vxnBhFDDT+xzxf1jTJKMKZw3H0swfWk9RpWbBbDK5+0=
github.com/go-gl/glfw/v3.3/glfw v0.0.0-20240506104042-037f3cc74f2a/go.mod h1:tQ2UAYgL5IevRw8kRxooKSPJfGvJ9fJQFa0TUsXzTg8=
